
Microsoft Visual Studio Solution File, Format Version 12.00
# Visual Studio Version 17
VisualStudioVersion = 17.3.32929.385
MinimumVisualStudioVersion = 10.0.40219.1
Project("{9A19103F-16F7-4668-BE54-9A1E7A4F7556}") = "Memento", "Memento\Memento.csproj", "{CC0BE983-33E0-4A15-AA8D-C20F54A50052}"
EndProject
Project("{FAE04EC0-301F-11D3-BF4B-00C04F79EFBC}") = "Observer", "Observer\Observer.csproj", "{5ABB63B1-EA82-4D18-A5A1-5973CF797F61}"
EndProject
Project("{FAE04EC0-301F-11D3-BF4B-00C04F79EFBC}") = "State", "State\State.csproj", "{A0AA8928-D771-48E9-BFD9-06143B23AA7B}"
EndProject
Global
	GlobalSection(SolutionConfigurationPlatforms) = preSolution
		Debug|Any CPU = Debug|Any CPU
		Release|Any CPU = Release|Any CPU
	EndGlobalSection
	GlobalSection(ProjectConfigurationPlatforms) = postSolution
		{CC0BE983-33E0-4A15-AA8D-C20F54A50052}.Debug|Any CPU.ActiveCfg = Debug|Any CPU
		{CC0BE983-33E0-4A15-AA8D-C20F54A50052}.Debug|Any CPU.Build.0 = Debug|Any CPU
		{CC0BE983-33E0-4A15-AA8D-C20F54A50052}.Release|Any CPU.ActiveCfg = Release|Any CPU
		{CC0BE983-33E0-4A15-AA8D-C20F54A50052}.Release|Any CPU.Build.0 = Release|Any CPU
		{5ABB63B1-EA82-4D18-A5A1-5973CF797F61}.Debug|Any CPU.ActiveCfg = Debug|Any CPU
		{5ABB63B1-EA82-4D18-A5A1-5973CF797F61}.Debug|Any CPU.Build.0 = Debug|Any CPU
		{5ABB63B1-EA82-4D18-A5A1-5973CF797F61}.Release|Any CPU.ActiveCfg = Release|Any CPU
		{5ABB63B1-EA82-4D18-A5A1-5973CF797F61}.Release|Any CPU.Build.0 = Release|Any CPU
		{A0AA8928-D771-48E9-BFD9-06143B23AA7B}.Debug|Any CPU.ActiveCfg = Debug|Any CPU
		{A0AA8928-D771-48E9-BFD9-06143B23AA7B}.Debug|Any CPU.Build.0 = Debug|Any CPU
		{A0AA8928-D771-48E9-BFD9-06143B23AA7B}.Release|Any CPU.ActiveCfg = Release|Any CPU
		{A0AA8928-D771-48E9-BFD9-06143B23AA7B}.Release|Any CPU.Build.0 = Release|Any CPU
	EndGlobalSection
	GlobalSection(SolutionProperties) = preSolution
		HideSolutionNode = FALSE
	EndGlobalSection
	GlobalSection(ExtensibilityGlobals) = postSolution
		SolutionGuid = {6CB83766-BF90-4C11-857D-D9011FEFA884}
	EndGlobalSection
EndGlobal
